
Microsoft Visual Studio Solution File, Format Version 12.00
# Visual Studio Version 17
VisualStudioVersion = 17.0.31903.59
MinimumVisualStudioVersion = 10.0.40219.1
Project("{2150E333-8FDC-42A3-9474-1A3956D46DE8}") = "src", "src", "{3476C43F-5DEF-4B7D-975C-563B6B7ADBF6}"
EndProject
Project("{FAE04EC0-301F-11D3-BF4B-00C04F79EFBC}") = "Syncball.Core", "src\Syncball.Core\Syncball.Core.csproj", "{6A0F58FA-99D1-4D49-9A1D-EE123C462430}"
EndProject
Project("{FAE04EC0-301F-11D3-BF4B-00C04F79EFBC}") = "Syncball.EF", "src\Syncball.EF\Syncball.EF.csproj", "{3A264099-1348-4509-A48B-DE97855820E8}"
EndProject
Project("{FAE04EC0-301F-11D3-BF4B-00C04F79EFBC}") = "Syncball.MigrationHarness", "src\Syncball.MigrationHarness\Syncball.MigrationHarness.csproj", "{D3D1C15E-D994-472F-87AE-B6323DA54704}"
EndProject
Project("{2150E333-8FDC-42A3-9474-1A3956D46DE8}") = "Solution Items", "Solution Items", "{8EC462FD-D22E-90A8-E5CE-7E832BA40C5D}"
	ProjectSection(SolutionItems) = preProject
		.gitignore = .gitignore
		.github\workflows\dotnet.yml = .github\workflows\dotnet.yml
		nuget.config = nuget.config
	EndProjectSection
EndProject
Global
	GlobalSection(SolutionConfigurationPlatforms) = preSolution
		Debug|Any CPU = Debug|Any CPU
		Release|Any CPU = Release|Any CPU
	EndGlobalSection
	GlobalSection(ProjectConfigurationPlatforms) = postSolution
		{6A0F58FA-99D1-4D49-9A1D-EE123C462430}.Debug|Any CPU.ActiveCfg = Debug|Any CPU
		{6A0F58FA-99D1-4D49-9A1D-EE123C462430}.Debug|Any CPU.Build.0 = Debug|Any CPU
		{6A0F58FA-99D1-4D49-9A1D-EE123C462430}.Release|Any CPU.ActiveCfg = Release|Any CPU
		{6A0F58FA-99D1-4D49-9A1D-EE123C462430}.Release|Any CPU.Build.0 = Release|Any CPU
		{3A264099-1348-4509-A48B-DE97855820E8}.Debug|Any CPU.ActiveCfg = Debug|Any CPU
		{3A264099-1348-4509-A48B-DE97855820E8}.Debug|Any CPU.Build.0 = Debug|Any CPU
		{3A264099-1348-4509-A48B-DE97855820E8}.Release|Any CPU.ActiveCfg = Release|Any CPU
		{3A264099-1348-4509-A48B-DE97855820E8}.Release|Any CPU.Build.0 = Release|Any CPU
		{D3D1C15E-D994-472F-87AE-B6323DA54704}.Debug|Any CPU.ActiveCfg = Debug|Any CPU
		{D3D1C15E-D994-472F-87AE-B6323DA54704}.Debug|Any CPU.Build.0 = Debug|Any CPU
		{D3D1C15E-D994-472F-87AE-B6323DA54704}.Release|Any CPU.ActiveCfg = Release|Any CPU
		{D3D1C15E-D994-472F-87AE-B6323DA54704}.Release|Any CPU.Build.0 = Release|Any CPU
	EndGlobalSection
	GlobalSection(SolutionProperties) = preSolution
		HideSolutionNode = FALSE
	EndGlobalSection
	GlobalSection(NestedProjects) = preSolution
		{6A0F58FA-99D1-4D49-9A1D-EE123C462430} = {3476C43F-5DEF-4B7D-975C-563B6B7ADBF6}
		{3A264099-1348-4509-A48B-DE97855820E8} = {3476C43F-5DEF-4B7D-975C-563B6B7ADBF6}
		{D3D1C15E-D994-472F-87AE-B6323DA54704} = {3476C43F-5DEF-4B7D-975C-563B6B7ADBF6}
	EndGlobalSection
	GlobalSection(ExtensibilityGlobals) = postSolution
		SolutionGuid = {B938FC38-ADA8-4375-B3DF-151A80E98FC5}
	EndGlobalSection
EndGlobal
